
Microsoft Visual Studio Solution File, Format Version 12.00
# Visual Studio 15
VisualStudioVersion = 15.0.28010.2019
MinimumVisualStudioVersion = 10.0.40219.1
Project("{8BC9CEB8-8B4A-11D0-8D11-00A0C91BC942}") = "Parallel", "Parallel\Parallel.vcxproj", "{088FF414-303C-4235-AE81-1A73C7FBDCD1}"
EndProject
Project("{8BC9CEB8-8B4A-11D0-8D11-00A0C91BC942}") = "Transpose", "Transpose\Transpose.vcxproj", "{3C7F8954-97D1-4832-8495-9002EE7F2023}"
EndProject
Project("{8BC9CEB8-8B4A-11D0-8D11-00A0C91BC942}") = "Pairwise", "Pairwise\Pairwise.vcxproj", "{44E5441C-2515-43EF-9058-70F0EE3CCB7B}"
EndProject
Project("{8BC9CEB8-8B4A-11D0-8D11-00A0C91BC942}") = "threads", "threads\threads.vcxproj", "{06D64B69-C132-4557-A5DD-BCC5E3DDA94F}"
EndProject
Project("{8BC9CEB8-8B4A-11D0-8D11-00A0C91BC942}") = "lab1", "lab1\lab1.vcxproj", "{B4BBAD7C-AED0-4256-9960-08288B564A03}"
EndProject
Global
	GlobalSection(SolutionConfigurationPlatforms) = preSolution
		Debug|x64 = Debug|x64
		Debug|x86 = Debug|x86
		Release|x64 = Release|x64
		Release|x86 = Release|x86
	EndGlobalSection
	GlobalSection(ProjectConfigurationPlatforms) = postSolution
		{088FF414-303C-4235-AE81-1A73C7FBDCD1}.Debug|x64.ActiveCfg = Debug|x64
		{088FF414-303C-4235-AE81-1A73C7FBDCD1}.Debug|x64.Build.0 = Debug|x64
		{088FF414-303C-4235-AE81-1A73C7FBDCD1}.Debug|x86.ActiveCfg = Debug|Win32
		{088FF414-303C-4235-AE81-1A73C7FBDCD1}.Debug|x86.Build.0 = Debug|Win32
		{088FF414-303C-4235-AE81-1A73C7FBDCD1}.Release|x64.ActiveCfg = Release|x64
		{088FF414-303C-4235-AE81-1A73C7FBDCD1}.Release|x64.Build.0 = Release|x64
		{088FF414-303C-4235-AE81-1A73C7FBDCD1}.Release|x86.ActiveCfg = Release|Win32
		{088FF414-303C-4235-AE81-1A73C7FBDCD1}.Release|x86.Build.0 = Release|Win32
		{3C7F8954-97D1-4832-8495-9002EE7F2023}.Debug|x64.ActiveCfg = Debug|x64
		{3C7F8954-97D1-4832-8495-9002EE7F2023}.Debug|x64.Build.0 = Debug|x64
		{3C7F8954-97D1-4832-8495-9002EE7F2023}.Debug|x86.ActiveCfg = Debug|Win32
		{3C7F8954-97D1-4832-8495-9002EE7F2023}.Debug|x86.Build.0 = Debug|Win32
		{3C7F8954-97D1-4832-8495-9002EE7F2023}.Release|x64.ActiveCfg = Release|x64
		{3C7F8954-97D1-4832-8495-9002EE7F2023}.Release|x64.Build.0 = Release|x64
		{3C7F8954-97D1-4832-8495-9002EE7F2023}.Release|x86.ActiveCfg = Release|Win32
		{3C7F8954-97D1-4832-8495-9002EE7F2023}.Release|x86.Build.0 = Release|Win32
		{44E5441C-2515-43EF-9058-70F0EE3CCB7B}.Debug|x64.ActiveCfg = Debug|x64
		{44E5441C-2515-43EF-9058-70F0EE3CCB7B}.Debug|x64.Build.0 = Debug|x64
		{44E5441C-2515-43EF-9058-70F0EE3CCB7B}.Debug|x86.ActiveCfg = Debug|Win32
		{44E5441C-2515-43EF-9058-70F0EE3CCB7B}.Debug|x86.Build.0 = Debug|Win32
		{44E5441C-2515-43EF-9058-70F0EE3CCB7B}.Release|x64.ActiveCfg = Release|x64
		{44E5441C-2515-43EF-9058-70F0EE3CCB7B}.Release|x64.Build.0 = Release|x64
		{44E5441C-2515-43EF-9058-70F0EE3CCB7B}.Release|x86.ActiveCfg = Release|Win32
		{44E5441C-2515-43EF-9058-70F0EE3CCB7B}.Release|x86.Build.0 = Release|Win32
		{06D64B69-C132-4557-A5DD-BCC5E3DDA94F}.Debug|x64.ActiveCfg = Debug|x64
		{06D64B69-C132-4557-A5DD-BCC5E3DDA94F}.Debug|x64.Build.0 = Debug|x64
		{06D64B69-C132-4557-A5DD-BCC5E3DDA94F}.Debug|x86.ActiveCfg = Debug|Win32
		{06D64B69-C132-4557-A5DD-BCC5E3DDA94F}.Debug|x86.Build.0 = Debug|Win32
		{06D64B69-C132-4557-A5DD-BCC5E3DDA94F}.Release|x64.ActiveCfg = Release|x64
		{06D64B69-C132-4557-A5DD-BCC5E3DDA94F}.Release|x64.Build.0 = Release|x64
		{06D64B69-C132-4557-A5DD-BCC5E3DDA94F}.Release|x86.ActiveCfg = Release|Win32
		{06D64B69-C132-4557-A5DD-BCC5E3DDA94F}.Release|x86.Build.0 = Release|Win32
		{B4BBAD7C-AED0-4256-9960-08288B564A03}.Debug|x64.ActiveCfg = Debug|x64
		{B4BBAD7C-AED0-4256-9960-08288B564A03}.Debug|x64.Build.0 = Debug|x64
		{B4BBAD7C-AED0-4256-9960-08288B564A03}.Debug|x86.ActiveCfg = Debug|Win32
		{B4BBAD7C-AED0-4256-9960-08288B564A03}.Debug|x86.Build.0 = Debug|Win32
		{B4BBAD7C-AED0-4256-9960-08288B564A03}.Release|x64.ActiveCfg = Release|x64
		{B4BBAD7C-AED0-4256-9960-08288B564A03}.Release|x64.Build.0 = Release|x64
		{B4BBAD7C-AED0-4256-9960-08288B564A03}.Release|x86.ActiveCfg = Release|Win32
		{B4BBAD7C-AED0-4256-9960-08288B564A03}.Release|x86.Build.0 = Release|Win32
	EndGlobalSection
	GlobalSection(SolutionProperties) = preSolution
		HideSolutionNode = FALSE
	EndGlobalSection
	GlobalSection(ExtensibilityGlobals) = postSolution
		SolutionGuid = {2194F550-43C2-4326-8425-9E37EAB1DC77}
	EndGlobalSection
EndGlobal
