
Microsoft Visual Studio Solution File, Format Version 12.00
# Visual Studio 15
VisualStudioVersion = 15.0.28010.2019
MinimumVisualStudioVersion = 10.0.40219.1
Project("{8BC9CEB8-8B4A-11D0-8D11-00A0C91BC942}") = "Gammirovanie", "lab2\lab2.vcxproj", "{C28AA3EE-D06C-4C3A-B081-193012F8C27B}"
EndProject
Project("{8BC9CEB8-8B4A-11D0-8D11-00A0C91BC942}") = "PowByMod", "PowByMod\PowByMod.vcxproj", "{27DDFFE8-9923-47CD-97DB-1498DB32F1FD}"
EndProject
Global
	GlobalSection(SolutionConfigurationPlatforms) = preSolution
		Debug|x64 = Debug|x64
		Debug|x86 = Debug|x86
		Release|x64 = Release|x64
		Release|x86 = Release|x86
	EndGlobalSection
	GlobalSection(ProjectConfigurationPlatforms) = postSolution
		{C28AA3EE-D06C-4C3A-B081-193012F8C27B}.Debug|x64.ActiveCfg = Debug|x64
		{C28AA3EE-D06C-4C3A-B081-193012F8C27B}.Debug|x64.Build.0 = Debug|x64
		{C28AA3EE-D06C-4C3A-B081-193012F8C27B}.Debug|x86.ActiveCfg = Debug|Win32
		{C28AA3EE-D06C-4C3A-B081-193012F8C27B}.Debug|x86.Build.0 = Debug|Win32
		{C28AA3EE-D06C-4C3A-B081-193012F8C27B}.Release|x64.ActiveCfg = Release|x64
		{C28AA3EE-D06C-4C3A-B081-193012F8C27B}.Release|x64.Build.0 = Release|x64
		{C28AA3EE-D06C-4C3A-B081-193012F8C27B}.Release|x86.ActiveCfg = Release|Win32
		{C28AA3EE-D06C-4C3A-B081-193012F8C27B}.Release|x86.Build.0 = Release|Win32
		{27DDFFE8-9923-47CD-97DB-1498DB32F1FD}.Debug|x64.ActiveCfg = Debug|x64
		{27DDFFE8-9923-47CD-97DB-1498DB32F1FD}.Debug|x64.Build.0 = Debug|x64
		{27DDFFE8-9923-47CD-97DB-1498DB32F1FD}.Debug|x86.ActiveCfg = Debug|Win32
		{27DDFFE8-9923-47CD-97DB-1498DB32F1FD}.Debug|x86.Build.0 = Debug|Win32
		{27DDFFE8-9923-47CD-97DB-1498DB32F1FD}.Release|x64.ActiveCfg = Release|x64
		{27DDFFE8-9923-47CD-97DB-1498DB32F1FD}.Release|x64.Build.0 = Release|x64
		{27DDFFE8-9923-47CD-97DB-1498DB32F1FD}.Release|x86.ActiveCfg = Release|Win32
		{27DDFFE8-9923-47CD-97DB-1498DB32F1FD}.Release|x86.Build.0 = Release|Win32
	EndGlobalSection
	GlobalSection(SolutionProperties) = preSolution
		HideSolutionNode = FALSE
	EndGlobalSection
	GlobalSection(ExtensibilityGlobals) = postSolution
		SolutionGuid = {BF9B9320-5BBD-4C8C-AEE6-9416A10B8793}
	EndGlobalSection
EndGlobal
