
Microsoft Visual Studio Solution File, Format Version 12.00
# Visual Studio 15
VisualStudioVersion = 15.0.28010.2019
MinimumVisualStudioVersion = 10.0.40219.1
Project("{8BC9CEB8-8B4A-11D0-8D11-00A0C91BC942}") = "PAE", "lab3\lab3.vcxproj", "{2BE69724-AFC2-4007-88DA-70E50CBE24F3}"
EndProject
Project("{8BC9CEB8-8B4A-11D0-8D11-00A0C91BC942}") = "MR", "MR\MR.vcxproj", "{FE10C561-BCAB-489B-B87A-0D06964854B0}"
EndProject
Global
	GlobalSection(SolutionConfigurationPlatforms) = preSolution
		Debug|x64 = Debug|x64
		Debug|x86 = Debug|x86
		Release|x64 = Release|x64
		Release|x86 = Release|x86
	EndGlobalSection
	GlobalSection(ProjectConfigurationPlatforms) = postSolution
		{2BE69724-AFC2-4007-88DA-70E50CBE24F3}.Debug|x64.ActiveCfg = Debug|x64
		{2BE69724-AFC2-4007-88DA-70E50CBE24F3}.Debug|x64.Build.0 = Debug|x64
		{2BE69724-AFC2-4007-88DA-70E50CBE24F3}.Debug|x86.ActiveCfg = Debug|Win32
		{2BE69724-AFC2-4007-88DA-70E50CBE24F3}.Debug|x86.Build.0 = Debug|Win32
		{2BE69724-AFC2-4007-88DA-70E50CBE24F3}.Release|x64.ActiveCfg = Release|x64
		{2BE69724-AFC2-4007-88DA-70E50CBE24F3}.Release|x64.Build.0 = Release|x64
		{2BE69724-AFC2-4007-88DA-70E50CBE24F3}.Release|x86.ActiveCfg = Release|Win32
		{2BE69724-AFC2-4007-88DA-70E50CBE24F3}.Release|x86.Build.0 = Release|Win32
		{FE10C561-BCAB-489B-B87A-0D06964854B0}.Debug|x64.ActiveCfg = Debug|x64
		{FE10C561-BCAB-489B-B87A-0D06964854B0}.Debug|x64.Build.0 = Debug|x64
		{FE10C561-BCAB-489B-B87A-0D06964854B0}.Debug|x86.ActiveCfg = Debug|Win32
		{FE10C561-BCAB-489B-B87A-0D06964854B0}.Debug|x86.Build.0 = Debug|Win32
		{FE10C561-BCAB-489B-B87A-0D06964854B0}.Release|x64.ActiveCfg = Release|x64
		{FE10C561-BCAB-489B-B87A-0D06964854B0}.Release|x64.Build.0 = Release|x64
		{FE10C561-BCAB-489B-B87A-0D06964854B0}.Release|x86.ActiveCfg = Release|Win32
		{FE10C561-BCAB-489B-B87A-0D06964854B0}.Release|x86.Build.0 = Release|Win32
	EndGlobalSection
	GlobalSection(SolutionProperties) = preSolution
		HideSolutionNode = FALSE
	EndGlobalSection
	GlobalSection(ExtensibilityGlobals) = postSolution
		SolutionGuid = {3E5A902F-6E87-4579-888B-648B5128A95E}
	EndGlobalSection
EndGlobal
