
Microsoft Visual Studio Solution File, Format Version 12.00
# Visual Studio 15
VisualStudioVersion = 15.0.28010.2019
MinimumVisualStudioVersion = 10.0.40219.1
Project("{8BC9CEB8-8B4A-11D0-8D11-00A0C91BC942}") = "3DES", "3DES\3DES.vcxproj", "{11302A7A-3F7A-49BF-BF5C-BAFA51A258AE}"
EndProject
Global
	GlobalSection(SolutionConfigurationPlatforms) = preSolution
		Debug|x64 = Debug|x64
		Debug|x86 = Debug|x86
		Release|x64 = Release|x64
		Release|x86 = Release|x86
	EndGlobalSection
	GlobalSection(ProjectConfigurationPlatforms) = postSolution
		{11302A7A-3F7A-49BF-BF5C-BAFA51A258AE}.Debug|x64.ActiveCfg = Debug|x64
		{11302A7A-3F7A-49BF-BF5C-BAFA51A258AE}.Debug|x64.Build.0 = Debug|x64
		{11302A7A-3F7A-49BF-BF5C-BAFA51A258AE}.Debug|x86.ActiveCfg = Debug|Win32
		{11302A7A-3F7A-49BF-BF5C-BAFA51A258AE}.Debug|x86.Build.0 = Debug|Win32
		{11302A7A-3F7A-49BF-BF5C-BAFA51A258AE}.Release|x64.ActiveCfg = Release|x64
		{11302A7A-3F7A-49BF-BF5C-BAFA51A258AE}.Release|x64.Build.0 = Release|x64
		{11302A7A-3F7A-49BF-BF5C-BAFA51A258AE}.Release|x86.ActiveCfg = Release|Win32
		{11302A7A-3F7A-49BF-BF5C-BAFA51A258AE}.Release|x86.Build.0 = Release|Win32
	EndGlobalSection
	GlobalSection(SolutionProperties) = preSolution
		HideSolutionNode = FALSE
	EndGlobalSection
	GlobalSection(ExtensibilityGlobals) = postSolution
		SolutionGuid = {8933813D-8651-4080-A333-333E4E0D7B6C}
	EndGlobalSection
EndGlobal
